// !$*UTF8*$!
{
	archiveVersion = 1;
	classes = {
	};
	objectVersion = 48;
	objects = {

/* Begin PBXBuildFile section */
		4F3CBCD92007774C00A6119C /* AppDelegate.swift in Sources */ = {isa = PBXBuildFile; fileRef = 4F3CBCD82007774C00A6119C /* AppDelegate.swift */; };
		4F3CBCDB2007774C00A6119C /* CurrentLocationViewController.swift in Sources */ = {isa = PBXBuildFile; fileRef = 4F3CBCDA2007774C00A6119C /* CurrentLocationViewController.swift */; };
		4F3CBCDE2007774C00A6119C /* Main.storyboard in Resources */ = {isa = PBXBuildFile; fileRef = 4F3CBCDC2007774C00A6119C /* Main.storyboard */; };
		4F3CBCE02007774C00A6119C /* Assets.xcassets in Resources */ = {isa = PBXBuildFile; fileRef = 4F3CBCDF2007774C00A6119C /* Assets.xcassets */; };
		4F3CBCE32007774C00A6119C /* LaunchScreen.storyboard in Resources */ = {isa = PBXBuildFile; fileRef = 4F3CBCE12007774C00A6119C /* LaunchScreen.storyboard */; };
		4F3CBCEC200787BD00A6119C /* GraffitiDetailsViewController.swift in Sources */ = {isa = PBXBuildFile; fileRef = 4F3CBCEB200787BD00A6119C /* GraffitiDetailsViewController.swift */; };
		4F3CBCEE2007999200A6119C /* Graffiti.swift in Sources */ = {isa = PBXBuildFile; fileRef = 4F3CBCED2007999200A6119C /* Graffiti.swift */; };
/* End PBXBuildFile section */

/* Begin PBXFileReference section */
		4F3CBCD52007774C00A6119C /* Graffiti.app */ = {isa = PBXFileReference; explicitFileType = wrapper.application; includeInIndex = 0; path = Graffiti.app; sourceTree = BUILT_PRODUCTS_DIR; };
		4F3CBCD82007774C00A6119C /* AppDelegate.swift */ = {isa = PBXFileReference; lastKnownFileType = sourcecode.swift; path = AppDelegate.swift; sourceTree = "<group>"; };
		4F3CBCDA2007774C00A6119C /* CurrentLocationViewController.swift */ = {isa = PBXFileReference; lastKnownFileType = sourcecode.swift; path = CurrentLocationViewController.swift; sourceTree = "<group>"; };
		4F3CBCDD2007774C00A6119C /* Base */ = {isa = PBXFileReference; lastKnownFileType = file.storyboard; name = Base; path = Base.lproj/Main.storyboard; sourceTree = "<group>"; };
		4F3CBCDF2007774C00A6119C /* Assets.xcassets */ = {isa = PBXFileReference; lastKnownFileType = folder.assetcatalog; path = Assets.xcassets; sourceTree = "<group>"; };
		4F3CBCE22007774C00A6119C /* Base */ = {isa = PBXFileReference; lastKnownFileType = file.storyboard; name = Base; path = Base.lproj/LaunchScreen.storyboard; sourceTree = "<group>"; };
		4F3CBCE42007774C00A6119C /* Info.plist */ = {isa = PBXFileReference; lastKnownFileType = text.plist.xml; path = Info.plist; sourceTree = "<group>"; };
		4F3CBCEB200787BD00A6119C /* GraffitiDetailsViewController.swift */ = {isa = PBXFileReference; lastKnownFileType = sourcecode.swift; path = GraffitiDetailsViewController.swift; sourceTree = "<group>"; };
		4F3CBCED2007999200A6119C /* Graffiti.swift */ = {isa = PBXFileReference; lastKnownFileType = sourcecode.swift; path = Graffiti.swift; sourceTree = "<group>"; };
/* End PBXFileReference section */

/* Begin PBXFrameworksBuildPhase section */
		4F3CBCD22007774C00A6119C /* Frameworks */ = {
			isa = PBXFrameworksBuildPhase;
			buildActionMask = 2147483647;
			files = (
			);
			runOnlyForDeploymentPostprocessing = 0;
		};
/* End PBXFrameworksBuildPhase section */

/* Begin PBXGroup section */
		4F3CBCCC2007774C00A6119C = {
			isa = PBXGroup;
			children = (
				4F3CBCD72007774C00A6119C /* Graffiti */,
				4F3CBCD62007774C00A6119C /* Products */,
			);
			sourceTree = "<group>";
		};
		4F3CBCD62007774C00A6119C /* Products */ = {
			isa = PBXGroup;
			children = (
				4F3CBCD52007774C00A6119C /* Graffiti.app */,
			);
			name = Products;
			sourceTree = "<group>";
		};
		4F3CBCD72007774C00A6119C /* Graffiti */ = {
			isa = PBXGroup;
			children = (
				4F3CBCD82007774C00A6119C /* AppDelegate.swift */,
				4F3CBCDA2007774C00A6119C /* CurrentLocationViewController.swift */,
				4F3CBCEB200787BD00A6119C /* GraffitiDetailsViewController.swift */,
				4F3CBCDC2007774C00A6119C /* Main.storyboard */,
				4F3CBCDF2007774C00A6119C /* Assets.xcassets */,
				4F3CBCE12007774C00A6119C /* LaunchScreen.storyboard */,
				4F3CBCE42007774C00A6119C /* Info.plist */,
				4F3CBCED2007999200A6119C /* Graffiti.swift */,
			);
			path = Graffiti;
			sourceTree = "<group>";
		};
/* End PBXGroup section */

/* Begin PBXNativeTarget section */
		4F3CBCD42007774C00A6119C /* Graffiti */ = {
			isa = PBXNativeTarget;
			buildConfigurationList = 4F3CBCE72007774C00A6119C /* Build configuration list for PBXNativeTarget "Graffiti" */;
			buildPhases = (
				4F3CBCD12007774C00A6119C /* Sources */,
				4F3CBCD22007774C00A6119C /* Frameworks */,
				4F3CBCD32007774C00A6119C /* Resources */,
			);
			buildRules = (
			);
			dependencies = (
			);
			name = Graffiti;
			productName = Graffiti;
			productReference = 4F3CBCD52007774C00A6119C /* Graffiti.app */;
			productType = "com.apple.product-type.application";
		};
/* End PBXNativeTarget section */

/* Begin PBXProject section */
		4F3CBCCD2007774C00A6119C /* Project object */ = {
			isa = PBXProject;
			attributes = {
				LastSwiftUpdateCheck = 0920;
				LastUpgradeCheck = 0920;
				ORGANIZATIONNAME = "Roger Florat";
				TargetAttributes = {
					4F3CBCD42007774C00A6119C = {
						CreatedOnToolsVersion = 9.2;
						ProvisioningStyle = Automatic;
					};
				};
			};
			buildConfigurationList = 4F3CBCD02007774C00A6119C /* Build configuration list for PBXProject "Graffiti" */;
			compatibilityVersion = "Xcode 8.0";
			developmentRegion = en;
			hasScannedForEncodings = 0;
			knownRegions = (
				en,
				Base,
			);
			mainGroup = 4F3CBCCC2007774C00A6119C;
			productRefGroup = 4F3CBCD62007774C00A6119C /* Products */;
			projectDirPath = "";
			projectRoot = "";
			targets = (
				4F3CBCD42007774C00A6119C /* Graffiti */,
			);
		};
/* End PBXProject section */

/* Begin PBXResourcesBuildPhase section */
		4F3CBCD32007774C00A6119C /* Resources */ = {
			isa = PBXResourcesBuildPhase;
			buildActionMask = 2147483647;
			files = (
				4F3CBCE32007774C00A6119C /* LaunchScreen.storyboard in Resources */,
				4F3CBCE02007774C00A6119C /* Assets.xcassets in Resources */,
				4F3CBCDE2007774C00A6119C /* Main.storyboard in Resources */,
			);
			runOnlyForDeploymentPostprocessing = 0;
		};
/* End PBXResourcesBuildPhase section */

/* Begin PBXSourcesBuildPhase section */
		4F3CBCD12007774C00A6119C /* Sources */ = {
			isa = PBXSourcesBuildPhase;
			buildActionMask = 2147483647;
			files = (
				4F3CBCDB2007774C00A6119C /* CurrentLocationViewController.swift in Sources */,
				4F3CBCEE2007999200A6119C /* Graffiti.swift in Sources */,
				4F3CBCD92007774C00A6119C /* AppDelegate.swift in Sources */,
				4F3CBCEC200787BD00A6119C /* GraffitiDetailsViewController.swift in Sources */,
			);
			runOnlyForDeploymentPostprocessing = 0;
		};
/* End PBXSourcesBuildPhase section */

/* Begin PBXVariantGroup section */
		4F3CBCDC2007774C00A6119C /* Main.storyboard */ = {
			isa = PBXVariantGroup;
			children = (
				4F3CBCDD2007774C00A6119C /* Base */,
			);
			name = Main.storyboard;
			sourceTree = "<group>";
		};
		4F3CBCE12007774C00A6119C /* LaunchScreen.storyboard */ = {
			isa = PBXVariantGroup;
			children = (
				4F3CBCE22007774C00A6119C /* Base */,
			);
			name = LaunchScreen.storyboard;
			sourceTree = "<group>";
		};
/* End PBXVariantGroup section */

/* Begin XCBuildConfiguration section */
		4F3CBCE52007774C00A6119C /* Debug */ = {
			isa = XCBuildConfiguration;
			buildSettings = {
				ALWAYS_SEARCH_USER_PATHS = NO;
				CLANG_ANALYZER_NONNULL = YES;
				CLANG_ANALYZER_NUMBER_OBJECT_CONVERSION = YES_AGGRESSIVE;
				CLANG_CXX_LANGUAGE_STANDARD = "gnu++14";
				CLANG_CXX_LIBRARY = "libc++";
				CLANG_ENABLE_MODULES = YES;
				CLANG_ENABLE_OBJC_ARC = YES;
				CLANG_WARN_BLOCK_CAPTURE_AUTORELEASING = YES;
				CLANG_WARN_BOOL_CONVERSION = YES;
				CLANG_WARN_COMMA = YES;
				CLANG_WARN_CONSTANT_CONVERSION = YES;
				CLANG_WARN_DIRECT_OBJC_ISA_USAGE = YES_ERROR;
				CLANG_WARN_DOCUMENTATION_COMMENTS = YES;
				CLANG_WARN_EMPTY_BODY = YES;
				CLANG_WARN_ENUM_CONVERSION = YES;
				CLANG_WARN_INFINITE_RECURSION = YES;
				CLANG_WARN_INT_CONVERSION = YES;
				CLANG_WARN_NON_LITERAL_NULL_CONVERSION = YES;
				CLANG_WARN_OBJC_LITERAL_CONVERSION = YES;
				CLANG_WARN_OBJC_ROOT_CLASS = YES_ERROR;
				CLANG_WARN_RANGE_LOOP_ANALYSIS = YES;
				CLANG_WARN_STRICT_PROTOTYPES = YES;
				CLANG_WARN_SUSPICIOUS_MOVE = YES;
				CLANG_WARN_UNGUARDED_AVAILABILITY = YES_AGGRESSIVE;
				CLANG_WARN_UNREACHABLE_CODE = YES;
				CLANG_WARN__DUPLICATE_METHOD_MATCH = YES;
				CODE_SIGN_IDENTITY = "iPhone Developer";
				COPY_PHASE_STRIP = NO;
				DEBUG_INFORMATION_FORMAT = dwarf;
				ENABLE_STRICT_OBJC_MSGSEND = YES;
				ENABLE_TESTABILITY = YES;
				GCC_C_LANGUAGE_STANDARD = gnu11;
				GCC_DYNAMIC_NO_PIC = NO;
				GCC_NO_COMMON_BLOCKS = YES;
				GCC_OPTIMIZATION_LEVEL = 0;
				GCC_PREPROCESSOR_DEFINITIONS = (
					"DEBUG=1",
					"$(inherited)",
				);
				GCC_WARN_64_TO_32_BIT_CONVERSION = YES;
				GCC_WARN_ABOUT_RETURN_TYPE = YES_ERROR;
				GCC_WARN_UNDECLARED_SELECTOR = YES;
				GCC_WARN_UNINITIALIZED_AUTOS = YES_AGGRESSIVE;
				GCC_WARN_UNUSED_FUNCTION = YES;
				GCC_WARN_UNUSED_VARIABLE = YES;
				IPHONEOS_DEPLOYMENT_TARGET = 11.2;
				MTL_ENABLE_DEBUG_INFO = YES;
				ONLY_ACTIVE_ARCH = YES;
				SDKROOT = iphoneos;
				SWIFT_ACTIVE_COMPILATION_CONDITIONS = DEBUG;
				SWIFT_OPTIMIZATION_LEVEL = "-Onone";
			};
			name = Debug;
		};
		4F3CBCE62007774C00A6119C /* Release */ = {
			isa = XCBuildConfiguration;
			buildSettings = {
				ALWAYS_SEARCH_USER_PATHS = NO;
				CLANG_ANALYZER_NONNULL = YES;
				CLANG_ANALYZER_NUMBER_OBJECT_CONVERSION = YES_AGGRESSIVE;
				CLANG_CXX_LANGUAGE_STANDARD = "gnu++14";
				CLANG_CXX_LIBRARY = "libc++";
				CLANG_ENABLE_MODULES = YES;
				CLANG_ENABLE_OBJC_ARC = YES;
				CLANG_WARN_BLOCK_CAPTURE_AUTORELEASING = YES;
				CLANG_WARN_BOOL_CONVERSION = YES;
				CLANG_WARN_COMMA = YES;
				CLANG_WARN_CONSTANT_CONVERSION = YES;
				CLANG_WARN_DIRECT_OBJC_ISA_USAGE = YES_ERROR;
				CLANG_WARN_DOCUMENTATION_COMMENTS = YES;
				CLANG_WARN_EMPTY_BODY = YES;
				CLANG_WARN_ENUM_CONVERSION = YES;
				CLANG_WARN_INFINITE_RECURSION = YES;
				CLANG_WARN_INT_CONVERSION = YES;
				CLANG_WARN_NON_LITERAL_NULL_CONVERSION = YES;
				CLANG_WARN_OBJC_LITERAL_CONVERSION = YES;
				CLANG_WARN_OBJC_ROOT_CLASS = YES_ERROR;
				CLANG_WARN_RANGE_LOOP_ANALYSIS = YES;
				CLANG_WARN_STRICT_PROTOTYPES = YES;
				CLANG_WARN_SUSPICIOUS_MOVE = YES;
				CLANG_WARN_UNGUARDED_AVAILABILITY = YES_AGGRESSIVE;
				CLANG_WARN_UNREACHABLE_CODE = YES;
				CLANG_WARN__DUPLICATE_METHOD_MATCH = YES;
				CODE_SIGN_IDENTITY = "iPhone Developer";
				COPY_PHASE_STRIP = NO;
				DEBUG_INFORMATION_FORMAT = "dwarf-with-dsym";
				ENABLE_NS_ASSERTIONS = NO;
				ENABLE_STRICT_OBJC_MSGSEND = YES;
				GCC_C_LANGUAGE_STANDARD = gnu11;
				GCC_NO_COMMON_BLOCKS = YES;
				GCC_WARN_64_TO_32_BIT_CONVERSION = YES;
				GCC_WARN_ABOUT_RETURN_TYPE = YES_ERROR;
				GCC_WARN_UNDECLARED_SELECTOR = YES;
				GCC_WARN_UNINITIALIZED_AUTOS = YES_AGGRESSIVE;
				GCC_WARN_UNUSED_FUNCTION = YES;
				GCC_WARN_UNUSED_VARIABLE = YES;
				IPHONEOS_DEPLOYMENT_TARGET = 11.2;
				MTL_ENABLE_DEBUG_INFO = NO;
				SDKROOT = iphoneos;
				SWIFT_OPTIMIZATION_LEVEL = "-Owholemodule";
				VALIDATE_PRODUCT = YES;
			};
			name = Release;
		};
		4F3CBCE82007774C00A6119C /* Debug */ = {
			isa = XCBuildConfiguration;
			buildSettings = {
				ASSETCATALOG_COMPILER_APPICON_NAME = AppIcon;
				CODE_SIGN_STYLE = Automatic;
				DEVELOPMENT_TEAM = 4JN5ZWL7XP;
				INFOPLIST_FILE = Graffiti/Info.plist;
				LD_RUNPATH_SEARCH_PATHS = "$(inherited) @executable_path/Frameworks";
				PRODUCT_BUNDLE_IDENTIFIER = com.rogerflorat.Graffiti;
				PRODUCT_NAME = "$(TARGET_NAME)";
				SWIFT_VERSION = 4.0;
				TARGETED_DEVICE_FAMILY = 1;
			};
			name = Debug;
		};
		4F3CBCE92007774C00A6119C /* Release */ = {
			isa = XCBuildConfiguration;
			buildSettings = {
				ASSETCATALOG_COMPILER_APPICON_NAME = AppIcon;
				CODE_SIGN_STYLE = Automatic;
				DEVELOPMENT_TEAM = 4JN5ZWL7XP;
				INFOPLIST_FILE = Graffiti/Info.plist;
				LD_RUNPATH_SEARCH_PATHS = "$(inherited) @executable_path/Frameworks";
				PRODUCT_BUNDLE_IDENTIFIER = com.rogerflorat.Graffiti;
				PRODUCT_NAME = "$(TARGET_NAME)";
				SWIFT_VERSION = 4.0;
				TARGETED_DEVICE_FAMILY = 1;
			};
			name = Release;
		};
/* End XCBuildConfiguration section */

/* Begin XCConfigurationList section */
		4F3CBCD02007774C00A6119C /* Build configuration list for PBXProject "Graffiti" */ = {
			isa = XCConfigurationList;
			buildConfigurations = (
				4F3CBCE52007774C00A6119C /* Debug */,
				4F3CBCE62007774C00A6119C /* Release */,
			);
			defaultConfigurationIsVisible = 0;
			defaultConfigurationName = Release;
		};
		4F3CBCE72007774C00A6119C /* Build configuration list for PBXNativeTarget "Graffiti" */ = {
			isa = XCConfigurationList;
			buildConfigurations = (
				4F3CBCE82007774C00A6119C /* Debug */,
				4F3CBCE92007774C00A6119C /* Release */,
			);
			defaultConfigurationIsVisible = 0;
			defaultConfigurationName = Release;
		};
/* End XCConfigurationList section */
	};
	rootObject = 4F3CBCCD2007774C00A6119C /* Project object */;
}
